
Microsoft Visual Studio Solution File, Format Version 12.00
# Visual Studio 15
VisualStudioVersion = 15.0.27130.2027
MinimumVisualStudioVersion = 10.0.40219.1
Project("{FAE04EC0-301F-11D3-BF4B-00C04F79EFBC}") = "CodingTrainerWeb", "CodingTrainerWeb\CodingTrainerWeb.csproj", "{83AF2E13-FA5C-4C36-BA3E-6E2290DF0EE5}"
EndProject
Project("{FAE04EC0-301F-11D3-BF4B-00C04F79EFBC}") = "CodingTrainerWebTests", "CodingTrainerWebTests\CodingTrainerWebTests.csproj", "{0B6D3992-C80C-471A-840F-D446A928D9DD}"
EndProject
Project("{2150E333-8FDC-42A3-9474-1A3956D46DE8}") = "CSharpRunner", "CSharpRunner", "{6EC8D772-414A-4A90-9E0A-360429BFF196}"
EndProject
Project("{FAE04EC0-301F-11D3-BF4B-00C04F79EFBC}") = "CodeHost", "CodeHost\CodeHost.csproj", "{0B5480BD-8879-4158-8C35-73FD207742A3}"
EndProject
Project("{FAE04EC0-301F-11D3-BF4B-00C04F79EFBC}") = "PartiallyTrusted", "PartiallyTrusted\PartiallyTrusted.csproj", "{E879B17D-AA07-4EC6-AF10-5DC630DFC170}"
EndProject
Project("{FAE04EC0-301F-11D3-BF4B-00C04F79EFBC}") = "SandboxHost", "SandboxHost\SandboxHost.csproj", "{046A908C-FA03-4892-A7EF-3D3B4AF580AF}"
EndProject
Project("{2150E333-8FDC-42A3-9474-1A3956D46DE8}") = "Testing", "Testing", "{2E53A367-1DBA-4168-AC9B-6858FA1F2C96}"
EndProject
Project("{FAE04EC0-301F-11D3-BF4B-00C04F79EFBC}") = "CodeHostTests", "CodeHostTests\CodeHostTests.csproj", "{D905B4F1-18E8-4A7D-B978-AFCDA820A4BA}"
EndProject
Project("{FAE04EC0-301F-11D3-BF4B-00C04F79EFBC}") = "CodingTrainerModels", "CodingTrainerModels\CodingTrainerModels.csproj", "{DFA7A141-5D03-48DC-B604-C3A9659D2948}"
EndProject
Project("{2150E333-8FDC-42A3-9474-1A3956D46DE8}") = "Solution Items", "Solution Items", "{AA787DB1-E47A-4563-92D1-EBDFCDEB74D5}"
	ProjectSection(SolutionItems) = preProject
		LICENSE.md = LICENSE.md
		README.md = README.md
	EndProjectSection
EndProject
Project("{2150E333-8FDC-42A3-9474-1A3956D46DE8}") = "Web", "Web", "{7100BD82-0175-4F52-9F80-6BE231CCF42A}"
EndProject
Project("{FAE04EC0-301F-11D3-BF4B-00C04F79EFBC}") = "Dependencies", "Dependencies\Dependencies.csproj", "{EA66AAAA-2B8D-439D-83D8-B95DDF383E54}"
EndProject
Project("{FAE04EC0-301F-11D3-BF4B-00C04F79EFBC}") = "Repositories", "Repositories\Repositories.csproj", "{CA6ABE10-E22D-4250-9FB6-D22FE9BD0BB5}"
EndProject
Project("{2150E333-8FDC-42A3-9474-1A3956D46DE8}") = "Data", "Data", "{FB27F696-5C6B-41D7-A6CC-F2CB86CB987D}"
EndProject
Project("{FAE04EC0-301F-11D3-BF4B-00C04F79EFBC}") = "CodingTrainerEntityFramework", "CodingTrainerEntityFramework\CodingTrainerEntityFramework.csproj", "{D9FF2617-78F0-4CD3-B48E-A1F92B2514AD}"
EndProject
Project("{FAE04EC0-301F-11D3-BF4B-00C04F79EFBC}") = "Assessment", "Assessment\Assessment.csproj", "{51427C2D-00F5-44B3-A7DB-C24F40BE5E16}"
EndProject
Project("{FAE04EC0-301F-11D3-BF4B-00C04F79EFBC}") = "TestingCommon", "TestingCommon\TestingCommon.csproj", "{6E5229EA-8183-4B7A-ACB6-2C98EC112326}"
EndProject
Project("{FAE04EC0-301F-11D3-BF4B-00C04F79EFBC}") = "AssessmentTests", "AssessmentTests\AssessmentTests.csproj", "{0B252921-F2CF-4439-B875-BE9E9E5E40FF}"
EndProject
Project("{FAE04EC0-301F-11D3-BF4B-00C04F79EFBC}") = "SerializeSeedData", "SerializeSeedData\SerializeSeedData.csproj", "{6BCA7E61-2BAF-4247-BA26-B28232F35E6C}"
EndProject
Global
	GlobalSection(SolutionConfigurationPlatforms) = preSolution
		Debug|Any CPU = Debug|Any CPU
		Release|Any CPU = Release|Any CPU
	EndGlobalSection
	GlobalSection(ProjectConfigurationPlatforms) = postSolution
		{83AF2E13-FA5C-4C36-BA3E-6E2290DF0EE5}.Debug|Any CPU.ActiveCfg = Debug|Any CPU
		{83AF2E13-FA5C-4C36-BA3E-6E2290DF0EE5}.Debug|Any CPU.Build.0 = Debug|Any CPU
		{83AF2E13-FA5C-4C36-BA3E-6E2290DF0EE5}.Release|Any CPU.ActiveCfg = Release|Any CPU
		{83AF2E13-FA5C-4C36-BA3E-6E2290DF0EE5}.Release|Any CPU.Build.0 = Release|Any CPU
		{0B6D3992-C80C-471A-840F-D446A928D9DD}.Debug|Any CPU.ActiveCfg = Debug|Any CPU
		{0B6D3992-C80C-471A-840F-D446A928D9DD}.Debug|Any CPU.Build.0 = Debug|Any CPU
		{0B6D3992-C80C-471A-840F-D446A928D9DD}.Release|Any CPU.ActiveCfg = Release|Any CPU
		{0B6D3992-C80C-471A-840F-D446A928D9DD}.Release|Any CPU.Build.0 = Release|Any CPU
		{0B5480BD-8879-4158-8C35-73FD207742A3}.Debug|Any CPU.ActiveCfg = Debug|Any CPU
		{0B5480BD-8879-4158-8C35-73FD207742A3}.Debug|Any CPU.Build.0 = Debug|Any CPU
		{0B5480BD-8879-4158-8C35-73FD207742A3}.Release|Any CPU.ActiveCfg = Release|Any CPU
		{0B5480BD-8879-4158-8C35-73FD207742A3}.Release|Any CPU.Build.0 = Release|Any CPU
		{E879B17D-AA07-4EC6-AF10-5DC630DFC170}.Debug|Any CPU.ActiveCfg = Debug|Any CPU
		{E879B17D-AA07-4EC6-AF10-5DC630DFC170}.Debug|Any CPU.Build.0 = Debug|Any CPU
		{E879B17D-AA07-4EC6-AF10-5DC630DFC170}.Release|Any CPU.ActiveCfg = Release|Any CPU
		{E879B17D-AA07-4EC6-AF10-5DC630DFC170}.Release|Any CPU.Build.0 = Release|Any CPU
		{046A908C-FA03-4892-A7EF-3D3B4AF580AF}.Debug|Any CPU.ActiveCfg = Debug|Any CPU
		{046A908C-FA03-4892-A7EF-3D3B4AF580AF}.Debug|Any CPU.Build.0 = Debug|Any CPU
		{046A908C-FA03-4892-A7EF-3D3B4AF580AF}.Release|Any CPU.ActiveCfg = Release|Any CPU
		{046A908C-FA03-4892-A7EF-3D3B4AF580AF}.Release|Any CPU.Build.0 = Release|Any CPU
		{D905B4F1-18E8-4A7D-B978-AFCDA820A4BA}.Debug|Any CPU.ActiveCfg = Debug|Any CPU
		{D905B4F1-18E8-4A7D-B978-AFCDA820A4BA}.Debug|Any CPU.Build.0 = Debug|Any CPU
		{D905B4F1-18E8-4A7D-B978-AFCDA820A4BA}.Release|Any CPU.ActiveCfg = Release|Any CPU
		{D905B4F1-18E8-4A7D-B978-AFCDA820A4BA}.Release|Any CPU.Build.0 = Release|Any CPU
		{DFA7A141-5D03-48DC-B604-C3A9659D2948}.Debug|Any CPU.ActiveCfg = Debug|Any CPU
		{DFA7A141-5D03-48DC-B604-C3A9659D2948}.Debug|Any CPU.Build.0 = Debug|Any CPU
		{DFA7A141-5D03-48DC-B604-C3A9659D2948}.Release|Any CPU.ActiveCfg = Release|Any CPU
		{DFA7A141-5D03-48DC-B604-C3A9659D2948}.Release|Any CPU.Build.0 = Release|Any CPU
		{EA66AAAA-2B8D-439D-83D8-B95DDF383E54}.Debug|Any CPU.ActiveCfg = Debug|Any CPU
		{EA66AAAA-2B8D-439D-83D8-B95DDF383E54}.Debug|Any CPU.Build.0 = Debug|Any CPU
		{EA66AAAA-2B8D-439D-83D8-B95DDF383E54}.Release|Any CPU.ActiveCfg = Release|Any CPU
		{EA66AAAA-2B8D-439D-83D8-B95DDF383E54}.Release|Any CPU.Build.0 = Release|Any CPU
		{CA6ABE10-E22D-4250-9FB6-D22FE9BD0BB5}.Debug|Any CPU.ActiveCfg = Debug|Any CPU
		{CA6ABE10-E22D-4250-9FB6-D22FE9BD0BB5}.Debug|Any CPU.Build.0 = Debug|Any CPU
		{CA6ABE10-E22D-4250-9FB6-D22FE9BD0BB5}.Release|Any CPU.ActiveCfg = Release|Any CPU
		{CA6ABE10-E22D-4250-9FB6-D22FE9BD0BB5}.Release|Any CPU.Build.0 = Release|Any CPU
		{D9FF2617-78F0-4CD3-B48E-A1F92B2514AD}.Debug|Any CPU.ActiveCfg = Debug|Any CPU
		{D9FF2617-78F0-4CD3-B48E-A1F92B2514AD}.Debug|Any CPU.Build.0 = Debug|Any CPU
		{D9FF2617-78F0-4CD3-B48E-A1F92B2514AD}.Release|Any CPU.ActiveCfg = Release|Any CPU
		{D9FF2617-78F0-4CD3-B48E-A1F92B2514AD}.Release|Any CPU.Build.0 = Release|Any CPU
		{51427C2D-00F5-44B3-A7DB-C24F40BE5E16}.Debug|Any CPU.ActiveCfg = Debug|Any CPU
		{51427C2D-00F5-44B3-A7DB-C24F40BE5E16}.Debug|Any CPU.Build.0 = Debug|Any CPU
		{51427C2D-00F5-44B3-A7DB-C24F40BE5E16}.Release|Any CPU.ActiveCfg = Release|Any CPU
		{51427C2D-00F5-44B3-A7DB-C24F40BE5E16}.Release|Any CPU.Build.0 = Release|Any CPU
		{6E5229EA-8183-4B7A-ACB6-2C98EC112326}.Debug|Any CPU.ActiveCfg = Debug|Any CPU
		{6E5229EA-8183-4B7A-ACB6-2C98EC112326}.Debug|Any CPU.Build.0 = Debug|Any CPU
		{6E5229EA-8183-4B7A-ACB6-2C98EC112326}.Release|Any CPU.ActiveCfg = Release|Any CPU
		{6E5229EA-8183-4B7A-ACB6-2C98EC112326}.Release|Any CPU.Build.0 = Release|Any CPU
		{0B252921-F2CF-4439-B875-BE9E9E5E40FF}.Debug|Any CPU.ActiveCfg = Debug|Any CPU
		{0B252921-F2CF-4439-B875-BE9E9E5E40FF}.Debug|Any CPU.Build.0 = Debug|Any CPU
		{0B252921-F2CF-4439-B875-BE9E9E5E40FF}.Release|Any CPU.ActiveCfg = Release|Any CPU
		{0B252921-F2CF-4439-B875-BE9E9E5E40FF}.Release|Any CPU.Build.0 = Release|Any CPU
		{6BCA7E61-2BAF-4247-BA26-B28232F35E6C}.Debug|Any CPU.ActiveCfg = Debug|Any CPU
		{6BCA7E61-2BAF-4247-BA26-B28232F35E6C}.Debug|Any CPU.Build.0 = Debug|Any CPU
		{6BCA7E61-2BAF-4247-BA26-B28232F35E6C}.Release|Any CPU.ActiveCfg = Release|Any CPU
		{6BCA7E61-2BAF-4247-BA26-B28232F35E6C}.Release|Any CPU.Build.0 = Release|Any CPU
	EndGlobalSection
	GlobalSection(SolutionProperties) = preSolution
		HideSolutionNode = FALSE
	EndGlobalSection
	GlobalSection(NestedProjects) = preSolution
		{83AF2E13-FA5C-4C36-BA3E-6E2290DF0EE5} = {7100BD82-0175-4F52-9F80-6BE231CCF42A}
		{0B6D3992-C80C-471A-840F-D446A928D9DD} = {7100BD82-0175-4F52-9F80-6BE231CCF42A}
		{0B5480BD-8879-4158-8C35-73FD207742A3} = {6EC8D772-414A-4A90-9E0A-360429BFF196}
		{E879B17D-AA07-4EC6-AF10-5DC630DFC170} = {6EC8D772-414A-4A90-9E0A-360429BFF196}
		{046A908C-FA03-4892-A7EF-3D3B4AF580AF} = {6EC8D772-414A-4A90-9E0A-360429BFF196}
		{2E53A367-1DBA-4168-AC9B-6858FA1F2C96} = {6EC8D772-414A-4A90-9E0A-360429BFF196}
		{D905B4F1-18E8-4A7D-B978-AFCDA820A4BA} = {2E53A367-1DBA-4168-AC9B-6858FA1F2C96}
		{DFA7A141-5D03-48DC-B604-C3A9659D2948} = {FB27F696-5C6B-41D7-A6CC-F2CB86CB987D}
		{EA66AAAA-2B8D-439D-83D8-B95DDF383E54} = {7100BD82-0175-4F52-9F80-6BE231CCF42A}
		{CA6ABE10-E22D-4250-9FB6-D22FE9BD0BB5} = {FB27F696-5C6B-41D7-A6CC-F2CB86CB987D}
		{D9FF2617-78F0-4CD3-B48E-A1F92B2514AD} = {FB27F696-5C6B-41D7-A6CC-F2CB86CB987D}
		{51427C2D-00F5-44B3-A7DB-C24F40BE5E16} = {6EC8D772-414A-4A90-9E0A-360429BFF196}
		{6E5229EA-8183-4B7A-ACB6-2C98EC112326} = {2E53A367-1DBA-4168-AC9B-6858FA1F2C96}
		{0B252921-F2CF-4439-B875-BE9E9E5E40FF} = {2E53A367-1DBA-4168-AC9B-6858FA1F2C96}
		{6BCA7E61-2BAF-4247-BA26-B28232F35E6C} = {FB27F696-5C6B-41D7-A6CC-F2CB86CB987D}
	EndGlobalSection
	GlobalSection(ExtensibilityGlobals) = postSolution
		SolutionGuid = {F9854B40-3228-4D0C-BF2C-9980DFF57C11}
	EndGlobalSection
EndGlobal
